{
  "name": "charlalo",
  "version": "1.0.0",
  "lockfileVersion": 2,
  "requires": true,
  "packages": {
    "": {
      "version": "1.0.0",
      "license": "ISC",
      "dependencies": {
        "prettify": "^0.1.7"
      }
    },
    "node_modules/abbrev": {
      "version": "1.1.1",
      "resolved": "https://nexus.greatminds.dev/repository/npm/abbrev/-/abbrev-1.1.1.tgz",
      "integrity": "sha512-nne9/IiQ/hzIhY6pdDnbBtz7DjPTKrY00P/zvPSm5pOFkl6xuGrGnXn/VtTNNfNtAfZ9/1RtehkszU9qcTii0Q==",
      "license": "ISC"
    },
    "node_modules/config-chain": {
      "version": "1.1.13",
      "resolved": "https://nexus.greatminds.dev/repository/npm/config-chain/-/config-chain-1.1.13.tgz",
      "integrity": "sha512-qj+f8APARXHrM0hraqXYb2/bOVSV4PvJQlNZ/DVj0QrmNM2q2euizkeuVckQ57J+W0mRH6Hvi+k50M4Jul2VRQ==",
      "license": "MIT",
      "dependencies": {
        "ini": "^1.3.4",
        "proto-list": "~1.2.1"
      }
    },
    "node_modules/ini": {
      "version": "1.3.8",
      "resolved": "https://nexus.greatminds.dev/repository/npm/ini/-/ini-1.3.8.tgz",
      "integrity": "sha512-JV/yugV2uzW5iMRSiZAyDtQd+nxtUnjeLt0acNdw98kKLrvuRVyB80tsREOE7yvGVgalhZ6RNXCmEHkUKBKxew==",
      "license": "ISC"
    },
    "node_modules/js-prettify": {
      "version": "1.4.0",
      "resolved": "https://nexus.greatminds.dev/repository/npm/js-prettify/-/js-prettify-1.4.0.tgz",
      "integrity": "sha1-9m/fWfOX6eCTfLFqWiNzRjNefrM=",
      "dependencies": {
        "config-chain": "~1.1.5",
        "mkdirp": "0.3.5",
        "nopt": "~2.1.1"
      },
      "bin": {
        "css-beautify": "js/bin/css-beautify.js",
        "html-beautify": "js/bin/html-beautify.js",
        "js-beautify": "js/bin/js-beautify.js"
      }
    },
    "node_modules/lodash": {
      "version": "1.3.1",
      "resolved": "https://nexus.greatminds.dev/repository/npm/lodash/-/lodash-1.3.1.tgz",
      "integrity": "sha1-pGY7U2hriV/wdOK6UE37dqjit3A=",
      "engines": [
        "node",
        "rhino"
      ],
      "license": "MIT"
    },
    "node_modules/mkdirp": {
      "version": "0.3.5",
      "resolved": "https://nexus.greatminds.dev/repository/npm/mkdirp/-/mkdirp-0.3.5.tgz",
      "integrity": "sha1-3j5fiWHIjHh+4TaN+EmsRBPsqNc=",
      "deprecated": "Legacy versions of mkdirp are no longer supported. Please update to mkdirp 1.x. (Note that the API surface has changed to use Promises in 1.x.)",
      "license": "MIT"
    },
    "node_modules/nopt": {
      "version": "2.1.2",
      "resolved": "https://nexus.greatminds.dev/repository/npm/nopt/-/nopt-2.1.2.tgz",
      "integrity": "sha1-bMzZd7gBMqB3MdbozljCyDA8+a8=",
      "license": "MIT",
      "dependencies": {
        "abbrev": "1"
      },
      "bin": {
        "nopt": "bin/nopt.js"
      }
    },
    "node_modules/prettify": {
      "version": "0.1.7",
      "resolved": "https://nexus.greatminds.dev/repository/npm/prettify/-/prettify-0.1.7.tgz",
      "integrity": "sha1-4dHkoaCkL0dtcqDFsYWAgB/ilkM=",
      "dependencies": {
        "js-prettify": "~1.4.0",
        "lodash": "~1.3.1"
      }
    },
    "node_modules/proto-list": {
      "version": "1.2.4",
      "resolved": "https://nexus.greatminds.dev/repository/npm/proto-list/-/proto-list-1.2.4.tgz",
      "integrity": "sha1-IS1b/hMYMGpCD2QCuOJv85ZHqEk=",
      "license": "ISC"
    }
  },
  "dependencies": {
    "abbrev": {
      "version": "1.1.1",
      "resolved": "https://nexus.greatminds.dev/repository/npm/abbrev/-/abbrev-1.1.1.tgz",
      "integrity": "sha512-nne9/IiQ/hzIhY6pdDnbBtz7DjPTKrY00P/zvPSm5pOFkl6xuGrGnXn/VtTNNfNtAfZ9/1RtehkszU9qcTii0Q=="
    },
    "config-chain": {
      "version": "1.1.13",
      "resolved": "https://nexus.greatminds.dev/repository/npm/config-chain/-/config-chain-1.1.13.tgz",
      "integrity": "sha512-qj+f8APARXHrM0hraqXYb2/bOVSV4PvJQlNZ/DVj0QrmNM2q2euizkeuVckQ57J+W0mRH6Hvi+k50M4Jul2VRQ==",
      "requires": {
        "ini": "^1.3.4",
        "proto-list": "~1.2.1"
      }
    },
    "ini": {
      "version": "1.3.8",
      "resolved": "https://nexus.greatminds.dev/repository/npm/ini/-/ini-1.3.8.tgz",
      "integrity": "sha512-JV/yugV2uzW5iMRSiZAyDtQd+nxtUnjeLt0acNdw98kKLrvuRVyB80tsREOE7yvGVgalhZ6RNXCmEHkUKBKxew=="
    },
    "js-prettify": {
      "version": "1.4.0",
      "resolved": "https://nexus.greatminds.dev/repository/npm/js-prettify/-/js-prettify-1.4.0.tgz",
      "integrity": "sha1-9m/fWfOX6eCTfLFqWiNzRjNefrM=",
      "requires": {
        "config-chain": "~1.1.5",
        "mkdirp": "0.3.5",
        "nopt": "~2.1.1"
      }
    },
    "lodash": {
      "version": "1.3.1",
      "resolved": "https://nexus.greatminds.dev/repository/npm/lodash/-/lodash-1.3.1.tgz",
      "integrity": "sha1-pGY7U2hriV/wdOK6UE37dqjit3A="
    },
    "mkdirp": {
      "version": "0.3.5",
      "resolved": "https://nexus.greatminds.dev/repository/npm/mkdirp/-/mkdirp-0.3.5.tgz",
      "integrity": "sha1-3j5fiWHIjHh+4TaN+EmsRBPsqNc="
    },
    "nopt": {
      "version": "2.1.2",
      "resolved": "https://nexus.greatminds.dev/repository/npm/nopt/-/nopt-2.1.2.tgz",
      "integrity": "sha1-bMzZd7gBMqB3MdbozljCyDA8+a8=",
      "requires": {
        "abbrev": "1"
      }
    },
    "prettify": {
      "version": "0.1.7",
      "resolved": "https://nexus.greatminds.dev/repository/npm/prettify/-/prettify-0.1.7.tgz",
      "integrity": "sha1-4dHkoaCkL0dtcqDFsYWAgB/ilkM=",
      "requires": {
        "js-prettify": "~1.4.0",
        "lodash": "~1.3.1"
      }
    },
    "proto-list": {
      "version": "1.2.4",
      "resolved": "https://nexus.greatminds.dev/repository/npm/proto-list/-/proto-list-1.2.4.tgz",
      "integrity": "sha1-IS1b/hMYMGpCD2QCuOJv85ZHqEk="
    }
  }
}
